PODS:
  - CocoaLumberjack/Core (3.5.1)
  - CocoaLumberjack/Swift (3.5.1):
    - CocoaLumberjack/Core

DEPENDENCIES:
  - CocoaLumberjack/Swift

SPEC REPOS:
  https://github.com/cocoapods/specs.git:
    - CocoaLumberjack

SPEC CHECKSUMS:
  CocoaLumberjack: 2101f8a5508197a305e737d16c5c2e9e2157628c

PODFILE CHECKSUM: 95293df66d2ea2e7412a61e05b9dee370368d20a

COCOAPODS: 1.6.1
