// !$*UTF8*$!
{
	archiveVersion = 1;
	classes = {
	};
	objectVersion = 50;
	objects = {

/* Begin PBXBuildFile section */
		92AEF22DA924D88098916083 /* libPods-satellite-saver-2.a in Frameworks */ = {isa = PBXBuildFile; fileRef = BC63E246742C6291F0BC09AC /* libPods-satellite-saver-2.a */; };
		9B052E122273BC5400ECA3B9 /* ConfigureSheet.xib in Resources */ = {isa = PBXBuildFile; fileRef = 9B052E112273BC5400ECA3B9 /* ConfigureSheet.xib */; };
		9B052E162273D9A300ECA3B9 /* ScreenSaver.framework in Frameworks */ = {isa = PBXBuildFile; fileRef = 9B052E152273D9A300ECA3B9 /* ScreenSaver.framework */; };
		9B052E182273E22A00ECA3B9 /* Cocoa.framework in Frameworks */ = {isa = PBXBuildFile; fileRef = 9B052E172273E22A00ECA3B9 /* Cocoa.framework */; };
		9B3A528D227324B900206513 /* thumbnail.png in Resources */ = {isa = PBXBuildFile; fileRef = 9B3A528B227324B900206513 /* thumbnail.png */; };
		9B3A528E227324B900206513 /* thumbnail@2x.png in Resources */ = {isa = PBXBuildFile; fileRef = 9B3A528C227324B900206513 /* thumbnail@2x.png */; };
		9B3A52902273319100206513 /* TLEFetch.swift in Sources */ = {isa = PBXBuildFile; fileRef = 9B3A528F2273319100206513 /* TLEFetch.swift */; };
		9B4E7EBE22729DD3008F8640 /* GeoJSON.swift in Sources */ = {isa = PBXBuildFile; fileRef = 9B4E7EBD22729DD3008F8640 /* GeoJSON.swift */; };
		9B5AA079227262BD009CCD55 /* satellite_saver_2View.h in Headers */ = {isa = PBXBuildFile; fileRef = 9B5AA078227262BD009CCD55 /* satellite_saver_2View.h */; };
		9B5AA07B227262BD009CCD55 /* satellite_saver_2View.m in Sources */ = {isa = PBXBuildFile; fileRef = 9B5AA07A227262BD009CCD55 /* satellite_saver_2View.m */; };
		9B848F5022726B5300512383 /* libresolv.tbd in Frameworks */ = {isa = PBXBuildFile; fileRef = 9B848F4F22726B5300512383 /* libresolv.tbd */; };
		9B848F5122726B5F00512383 /* librust.a in Frameworks */ = {isa = PBXBuildFile; fileRef = 9B5AA08822726B16009CCD55 /* librust.a */; };
/* End PBXBuildFile section */

/* Begin PBXFileReference section */
		0E454E2A82FAD952B768A3C7 /* Pods-satellite-saver-2.release.xcconfig */ = {isa = PBXFileReference; includeInIndex = 1; lastKnownFileType = text.xcconfig; name = "Pods-satellite-saver-2.release.xcconfig"; path = "Target Support Files/Pods-satellite-saver-2/Pods-satellite-saver-2.release.xcconfig"; sourceTree = "<group>"; };
		86B45B1E7B0D96D7687A8DAE /* Pods-satellite-saver-2.debug.xcconfig */ = {isa = PBXFileReference; includeInIndex = 1; lastKnownFileType = text.xcconfig; name = "Pods-satellite-saver-2.debug.xcconfig"; path = "Target Support Files/Pods-satellite-saver-2/Pods-satellite-saver-2.debug.xcconfig"; sourceTree = "<group>"; };
		9B052E112273BC5400ECA3B9 /* ConfigureSheet.xib */ = {isa = PBXFileReference; lastKnownFileType = file.xib; path = ConfigureSheet.xib; sourceTree = "<group>"; };
		9B052E152273D9A300ECA3B9 /* ScreenSaver.framework */ = {isa = PBXFileReference; lastKnownFileType = wrapper.framework; name = ScreenSaver.framework; path = System/Library/Frameworks/ScreenSaver.framework; sourceTree = SDKROOT; };
		9B052E172273E22A00ECA3B9 /* Cocoa.framework */ = {isa = PBXFileReference; lastKnownFileType = wrapper.framework; name = Cocoa.framework; path = System/Library/Frameworks/Cocoa.framework; sourceTree = SDKROOT; };
		9B3A528B227324B900206513 /* thumbnail.png */ = {isa = PBXFileReference; lastKnownFileType = image.png; path = thumbnail.png; sourceTree = "<group>"; };
		9B3A528C227324B900206513 /* thumbnail@2x.png */ = {isa = PBXFileReference; lastKnownFileType = image.png; path = "thumbnail@2x.png"; sourceTree = "<group>"; };
		9B3A528F2273319100206513 /* TLEFetch.swift */ = {isa = PBXFileReference; lastKnownFileType = sourcecode.swift; path = TLEFetch.swift; sourceTree = "<group>"; };
		9B4E7EBA22729DB8008F8640 /* world.json */ = {isa = PBXFileReference; lastKnownFileType = text.json; path = world.json; sourceTree = "<group>"; };
		9B4E7EBC22729DD2008F8640 /* satellite-saver-2-Bridging-Header.h */ = {isa = PBXFileReference; lastKnownFileType = sourcecode.c.h; path = "satellite-saver-2-Bridging-Header.h"; sourceTree = "<group>"; };
		9B4E7EBD22729DD3008F8640 /* GeoJSON.swift */ = {isa = PBXFileReference; lastKnownFileType = sourcecode.swift; path = GeoJSON.swift; sourceTree = "<group>"; };
		9B5AA075227262BD009CCD55 /* Satellite.saver */ = {isa = PBXFileReference; explicitFileType = wrapper.cfbundle; includeInIndex = 0; path = Satellite.saver; sourceTree = BUILT_PRODUCTS_DIR; };
		9B5AA078227262BD009CCD55 /* satellite_saver_2View.h */ = {isa = PBXFileReference; lastKnownFileType = sourcecode.c.h; path = satellite_saver_2View.h; sourceTree = "<group>"; };
		9B5AA07A227262BD009CCD55 /* satellite_saver_2View.m */ = {isa = PBXFileReference; lastKnownFileType = sourcecode.c.objc; path = satellite_saver_2View.m; sourceTree = "<group>"; };
		9B5AA07C227262BD009CCD55 /* Info.plist */ = {isa = PBXFileReference; lastKnownFileType = text.plist.xml; path = Info.plist; sourceTree = "<group>"; };
		9B5AA0832272677A009CCD55 /* rust */ = {isa = PBXFileReference; lastKnownFileType = folder; path = rust; sourceTree = "<group>"; };
		9B5AA08622726A74009CCD55 /* librust.dylib */ = {isa = PBXFileReference; lastKnownFileType = "compiled.mach-o.dylib"; name = librust.dylib; path = rust/target/release/librust.dylib; sourceTree = "<group>"; };
		9B5AA08822726B16009CCD55 /* librust.a */ = {isa = PBXFileReference; lastKnownFileType = archive.ar; name = librust.a; path = rust/target/release/librust.a; sourceTree = "<group>"; };
		9B848F4F22726B5300512383 /* libresolv.tbd */ = {isa = PBXFileReference; lastKnownFileType = "sourcecode.text-based-dylib-definition"; name = libresolv.tbd; path = usr/lib/libresolv.tbd; sourceTree = SDKROOT; };
		BC63E246742C6291F0BC09AC /* libPods-satellite-saver-2.a */ = {isa = PBXFileReference; explicitFileType = archive.ar; includeInIndex = 0; path = "libPods-satellite-saver-2.a"; sourceTree = BUILT_PRODUCTS_DIR; };
/* End PBXFileReference section */

/* Begin PBXFrameworksBuildPhase section */
		9B5AA072227262BD009CCD55 /* Frameworks */ = {
			isa = PBXFrameworksBuildPhase;
			buildActionMask = 2147483647;
			files = (
				9B052E182273E22A00ECA3B9 /* Cocoa.framework in Frameworks */,
				9B052E162273D9A300ECA3B9 /* ScreenSaver.framework in Frameworks */,
				9B848F5122726B5F00512383 /* librust.a in Frameworks */,
				9B848F5022726B5300512383 /* libresolv.tbd in Frameworks */,
				92AEF22DA924D88098916083 /* libPods-satellite-saver-2.a in Frameworks */,
			);
			runOnlyForDeploymentPostprocessing = 0;
		};
/* End PBXFrameworksBuildPhase section */

/* Begin PBXGroup section */
		9B5AA06B227262BD009CCD55 = {
			isa = PBXGroup;
			children = (
				9B5AA0832272677A009CCD55 /* rust */,
				9B5AA077227262BD009CCD55 /* satellite-saver-2 */,
				9B5AA076227262BD009CCD55 /* Products */,
				9B5AA08522726A73009CCD55 /* Frameworks */,
				B236EF4156E9D93AED3E8B88 /* Pods */,
			);
			sourceTree = "<group>";
		};
		9B5AA076227262BD009CCD55 /* Products */ = {
			isa = PBXGroup;
			children = (
				9B5AA075227262BD009CCD55 /* Satellite.saver */,
			);
			name = Products;
			sourceTree = "<group>";
		};
		9B5AA077227262BD009CCD55 /* satellite-saver-2 */ = {
			isa = PBXGroup;
			children = (
				9B5AA078227262BD009CCD55 /* satellite_saver_2View.h */,
				9B5AA07A227262BD009CCD55 /* satellite_saver_2View.m */,
				9B3A528B227324B900206513 /* thumbnail.png */,
				9B3A528C227324B900206513 /* thumbnail@2x.png */,
				9B5AA07C227262BD009CCD55 /* Info.plist */,
				9B4E7EBA22729DB8008F8640 /* world.json */,
				9B4E7EBD22729DD3008F8640 /* GeoJSON.swift */,
				9B3A528F2273319100206513 /* TLEFetch.swift */,
				9B4E7EBC22729DD2008F8640 /* satellite-saver-2-Bridging-Header.h */,
				9B052E112273BC5400ECA3B9 /* ConfigureSheet.xib */,
			);
			path = "satellite-saver-2";
			sourceTree = "<group>";
		};
		9B5AA08522726A73009CCD55 /* Frameworks */ = {
			isa = PBXGroup;
			children = (
				9B052E172273E22A00ECA3B9 /* Cocoa.framework */,
				9B052E152273D9A300ECA3B9 /* ScreenSaver.framework */,
				9B848F4F22726B5300512383 /* libresolv.tbd */,
				9B5AA08822726B16009CCD55 /* librust.a */,
				9B5AA08622726A74009CCD55 /* librust.dylib */,
				BC63E246742C6291F0BC09AC /* libPods-satellite-saver-2.a */,
			);
			name = Frameworks;
			sourceTree = "<group>";
		};
		B236EF4156E9D93AED3E8B88 /* Pods */ = {
			isa = PBXGroup;
			children = (
				86B45B1E7B0D96D7687A8DAE /* Pods-satellite-saver-2.debug.xcconfig */,
				0E454E2A82FAD952B768A3C7 /* Pods-satellite-saver-2.release.xcconfig */,
			);
			path = Pods;
			sourceTree = "<group>";
		};
/* End PBXGroup section */

/* Begin PBXHeadersBuildPhase section */
		9B5AA070227262BD009CCD55 /* Headers */ = {
			isa = PBXHeadersBuildPhase;
			buildActionMask = 2147483647;
			files = (
				9B5AA079227262BD009CCD55 /* satellite_saver_2View.h in Headers */,
			);
			runOnlyForDeploymentPostprocessing = 0;
		};
/* End PBXHeadersBuildPhase section */

/* Begin PBXNativeTarget section */
		9B5AA074227262BD009CCD55 /* satellite-saver-2 */ = {
			isa = PBXNativeTarget;
			buildConfigurationList = 9B5AA07F227262BD009CCD55 /* Build configuration list for PBXNativeTarget "satellite-saver-2" */;
			buildPhases = (
				9B3A52912273531900206513 /* ShellScript */,
				08BCAA43DD6A515B9E727304 /* [CP] Check Pods Manifest.lock */,
				9B5AA070227262BD009CCD55 /* Headers */,
				9B5AA071227262BD009CCD55 /* Sources */,
				9B5AA072227262BD009CCD55 /* Frameworks */,
				9B5AA073227262BD009CCD55 /* Resources */,
			);
			buildRules = (
			);
			dependencies = (
			);
			name = "satellite-saver-2";
			productName = "satellite-saver-2";
			productReference = 9B5AA075227262BD009CCD55 /* Satellite.saver */;
			productType = "com.apple.product-type.bundle";
		};
/* End PBXNativeTarget section */

/* Begin PBXProject section */
		9B5AA06C227262BD009CCD55 /* Project object */ = {
			isa = PBXProject;
			attributes = {
				LastUpgradeCheck = 1020;
				ORGANIZATIONNAME = "Rich Infante";
				TargetAttributes = {
					9B5AA074227262BD009CCD55 = {
						CreatedOnToolsVersion = 10.2.1;
						LastSwiftMigration = 1020;
					};
				};
			};
			buildConfigurationList = 9B5AA06F227262BD009CCD55 /* Build configuration list for PBXProject "satellite-saver-2" */;
			compatibilityVersion = "Xcode 9.3";
			developmentRegion = en;
			hasScannedForEncodings = 0;
			knownRegions = (
				en,
			);
			mainGroup = 9B5AA06B227262BD009CCD55;
			productRefGroup = 9B5AA076227262BD009CCD55 /* Products */;
			projectDirPath = "";
			projectRoot = "";
			targets = (
				9B5AA074227262BD009CCD55 /* satellite-saver-2 */,
			);
		};
/* End PBXProject section */

/* Begin PBXResourcesBuildPhase section */
		9B5AA073227262BD009CCD55 /* Resources */ = {
			isa = PBXResourcesBuildPhase;
			buildActionMask = 2147483647;
			files = (
				9B052E122273BC5400ECA3B9 /* ConfigureSheet.xib in Resources */,
				9B3A528E227324B900206513 /* thumbnail@2x.png in Resources */,
				9B3A528D227324B900206513 /* thumbnail.png in Resources */,
			);
			runOnlyForDeploymentPostprocessing = 0;
		};
/* End PBXResourcesBuildPhase section */

/* Begin PBXShellScriptBuildPhase section */
		08BCAA43DD6A515B9E727304 /* [CP] Check Pods Manifest.lock */ = {
			isa = PBXShellScriptBuildPhase;
			buildActionMask = 2147483647;
			files = (
			);
			inputFileListPaths = (
			);
			inputPaths = (
				"${PODS_PODFILE_DIR_PATH}/Podfile.lock",
				"${PODS_ROOT}/Manifest.lock",
			);
			name = "[CP] Check Pods Manifest.lock";
			outputFileListPaths = (
			);
			outputPaths = (
				"$(DERIVED_FILE_DIR)/Pods-satellite-saver-2-checkManifestLockResult.txt",
			);
			runOnlyForDeploymentPostprocessing = 0;
			shellPath = /bin/sh;
			shellScript = "diff \"${PODS_PODFILE_DIR_PATH}/Podfile.lock\" \"${PODS_ROOT}/Manifest.lock\" > /dev/null\nif [ $? != 0 ] ; then\n    # print error to STDERR\n    echo \"error: The sandbox is not in sync with the Podfile.lock. Run 'pod install' or update your CocoaPods installation.\" >&2\n    exit 1\nfi\n# This output is used by Xcode 'outputs' to avoid re-running this script phase.\necho \"SUCCESS\" > \"${SCRIPT_OUTPUT_FILE_0}\"\n";
			showEnvVarsInLog = 0;
		};
		9B3A52912273531900206513 /* ShellScript */ = {
			isa = PBXShellScriptBuildPhase;
			buildActionMask = 2147483647;
			files = (
			);
			inputFileListPaths = (
			);
			inputPaths = (
			);
			outputFileListPaths = (
			);
			outputPaths = (
			);
			runOnlyForDeploymentPostprocessing = 0;
			shellPath = /bin/sh;
			shellScript = "PATH=\"$HOME/.cargo/bin:$PATH\"\ncd rust && cargo build --release\n";
		};
/* End PBXShellScriptBuildPhase section */

/* Begin PBXSourcesBuildPhase section */
		9B5AA071227262BD009CCD55 /* Sources */ = {
			isa = PBXSourcesBuildPhase;
			buildActionMask = 2147483647;
			files = (
				9B3A52902273319100206513 /* TLEFetch.swift in Sources */,
				9B5AA07B227262BD009CCD55 /* satellite_saver_2View.m in Sources */,
				9B4E7EBE22729DD3008F8640 /* GeoJSON.swift in Sources */,
			);
			runOnlyForDeploymentPostprocessing = 0;
		};
/* End PBXSourcesBuildPhase section */

/* Begin XCBuildConfiguration section */
		9B5AA07D227262BD009CCD55 /* Debug */ = {
			isa = XCBuildConfiguration;
			buildSettings = {
				ALWAYS_SEARCH_USER_PATHS = NO;
				CLANG_ANALYZER_NONNULL = YES;
				CLANG_ANALYZER_NUMBER_OBJECT_CONVERSION = YES_AGGRESSIVE;
				CLANG_CXX_LANGUAGE_STANDARD = "gnu++14";
				CLANG_CXX_LIBRARY = "libc++";
				CLANG_ENABLE_MODULES = YES;
				CLANG_ENABLE_OBJC_ARC = YES;
				CLANG_ENABLE_OBJC_WEAK = YES;
				CLANG_WARN_BLOCK_CAPTURE_AUTORELEASING = YES;
				CLANG_WARN_BOOL_CONVERSION = YES;
				CLANG_WARN_COMMA = YES;
				CLANG_WARN_CONSTANT_CONVERSION = YES;
				CLANG_WARN_DEPRECATED_OBJC_IMPLEMENTATIONS = YES;
				CLANG_WARN_DIRECT_OBJC_ISA_USAGE = YES_ERROR;
				CLANG_WARN_DOCUMENTATION_COMMENTS = YES;
				CLANG_WARN_EMPTY_BODY = YES;
				CLANG_WARN_ENUM_CONVERSION = YES;
				CLANG_WARN_INFINITE_RECURSION = YES;
				CLANG_WARN_INT_CONVERSION = YES;
				CLANG_WARN_NON_LITERAL_NULL_CONVERSION = YES;
				CLANG_WARN_OBJC_IMPLICIT_RETAIN_SELF = YES;
				CLANG_WARN_OBJC_LITERAL_CONVERSION = YES;
				CLANG_WARN_OBJC_ROOT_CLASS = YES_ERROR;
				CLANG_WARN_RANGE_LOOP_ANALYSIS = YES;
				CLANG_WARN_STRICT_PROTOTYPES = YES;
				CLANG_WARN_SUSPICIOUS_MOVE = YES;
				CLANG_WARN_UNGUARDED_AVAILABILITY = YES_AGGRESSIVE;
				CLANG_WARN_UNREACHABLE_CODE = YES;
				CLANG_WARN__DUPLICATE_METHOD_MATCH = YES;
				CODE_SIGN_IDENTITY = "Mac Developer";
				COPY_PHASE_STRIP = NO;
				DEBUG_INFORMATION_FORMAT = dwarf;
				ENABLE_STRICT_OBJC_MSGSEND = YES;
				ENABLE_TESTABILITY = YES;
				GCC_C_LANGUAGE_STANDARD = gnu11;
				GCC_DYNAMIC_NO_PIC = NO;
				GCC_NO_COMMON_BLOCKS = YES;
				GCC_OPTIMIZATION_LEVEL = 0;
				GCC_PREPROCESSOR_DEFINITIONS = (
					"DEBUG=1",
					"$(inherited)",
				);
				GCC_WARN_64_TO_32_BIT_CONVERSION = YES;
				GCC_WARN_ABOUT_RETURN_TYPE = YES_ERROR;
				GCC_WARN_UNDECLARED_SELECTOR = YES;
				GCC_WARN_UNINITIALIZED_AUTOS = YES_AGGRESSIVE;
				GCC_WARN_UNUSED_FUNCTION = YES;
				GCC_WARN_UNUSED_VARIABLE = YES;
				MACOSX_DEPLOYMENT_TARGET = 10.14;
				MTL_ENABLE_DEBUG_INFO = INCLUDE_SOURCE;
				MTL_FAST_MATH = YES;
				ONLY_ACTIVE_ARCH = YES;
				SDKROOT = macosx;
			};
			name = Debug;
		};
		9B5AA07E227262BD009CCD55 /* Release */ = {
			isa = XCBuildConfiguration;
			buildSettings = {
				ALWAYS_SEARCH_USER_PATHS = NO;
				CLANG_ANALYZER_NONNULL = YES;
				CLANG_ANALYZER_NUMBER_OBJECT_CONVERSION = YES_AGGRESSIVE;
				CLANG_CXX_LANGUAGE_STANDARD = "gnu++14";
				CLANG_CXX_LIBRARY = "libc++";
				CLANG_ENABLE_MODULES = YES;
				CLANG_ENABLE_OBJC_ARC = YES;
				CLANG_ENABLE_OBJC_WEAK = YES;
				CLANG_WARN_BLOCK_CAPTURE_AUTORELEASING = YES;
				CLANG_WARN_BOOL_CONVERSION = YES;
				CLANG_WARN_COMMA = YES;
				CLANG_WARN_CONSTANT_CONVERSION = YES;
				CLANG_WARN_DEPRECATED_OBJC_IMPLEMENTATIONS = YES;
				CLANG_WARN_DIRECT_OBJC_ISA_USAGE = YES_ERROR;
				CLANG_WARN_DOCUMENTATION_COMMENTS = YES;
				CLANG_WARN_EMPTY_BODY = YES;
				CLANG_WARN_ENUM_CONVERSION = YES;
				CLANG_WARN_INFINITE_RECURSION = YES;
				CLANG_WARN_INT_CONVERSION = YES;
				CLANG_WARN_NON_LITERAL_NULL_CONVERSION = YES;
				CLANG_WARN_OBJC_IMPLICIT_RETAIN_SELF = YES;
				CLANG_WARN_OBJC_LITERAL_CONVERSION = YES;
				CLANG_WARN_OBJC_ROOT_CLASS = YES_ERROR;
				CLANG_WARN_RANGE_LOOP_ANALYSIS = YES;
				CLANG_WARN_STRICT_PROTOTYPES = YES;
				CLANG_WARN_SUSPICIOUS_MOVE = YES;
				CLANG_WARN_UNGUARDED_AVAILABILITY = YES_AGGRESSIVE;
				CLANG_WARN_UNREACHABLE_CODE = YES;
				CLANG_WARN__DUPLICATE_METHOD_MATCH = YES;
				CODE_SIGN_IDENTITY = "Mac Developer";
				COPY_PHASE_STRIP = NO;
				DEBUG_INFORMATION_FORMAT = "dwarf-with-dsym";
				ENABLE_NS_ASSERTIONS = NO;
				ENABLE_STRICT_OBJC_MSGSEND = YES;
				GCC_C_LANGUAGE_STANDARD = gnu11;
				GCC_NO_COMMON_BLOCKS = YES;
				GCC_WARN_64_TO_32_BIT_CONVERSION = YES;
				GCC_WARN_ABOUT_RETURN_TYPE = YES_ERROR;
				GCC_WARN_UNDECLARED_SELECTOR = YES;
				GCC_WARN_UNINITIALIZED_AUTOS = YES_AGGRESSIVE;
				GCC_WARN_UNUSED_FUNCTION = YES;
				GCC_WARN_UNUSED_VARIABLE = YES;
				MACOSX_DEPLOYMENT_TARGET = 10.14;
				MTL_ENABLE_DEBUG_INFO = NO;
				MTL_FAST_MATH = YES;
				SDKROOT = macosx;
			};
			name = Release;
		};
		9B5AA080227262BD009CCD55 /* Debug */ = {
			isa = XCBuildConfiguration;
			baseConfigurationReference = 86B45B1E7B0D96D7687A8DAE /* Pods-satellite-saver-2.debug.xcconfig */;
			buildSettings = {
				CLANG_ENABLE_MODULES = YES;
				CODE_SIGN_STYLE = Automatic;
				COMBINE_HIDPI_IMAGES = YES;
				DEVELOPMENT_TEAM = 7A264T7MNQ;
				INFOPLIST_FILE = "satellite-saver-2/Info.plist";
				INSTALL_PATH = "$(HOME)/Library/Screen Savers";
				LD_RUNPATH_SEARCH_PATHS = (
					"$(inherited)",
					"@executable_path/../Frameworks",
					"@loader_path/../Frameworks",
				);
				LIBRARY_SEARCH_PATHS = "$(PROJECT_DIR)/rust/target/release";
				PRODUCT_BUNDLE_IDENTIFIER = "com.richinfante.satellite-saver-2";
				PRODUCT_NAME = Satellite;
				SWIFT_OBJC_BRIDGING_HEADER = "satellite-saver-2/satellite-saver-2-Bridging-Header.h";
				SWIFT_OPTIMIZATION_LEVEL = "-Onone";
				SWIFT_VERSION = 5.0;
				WRAPPER_EXTENSION = saver;
			};
			name = Debug;
		};
		9B5AA081227262BD009CCD55 /* Release */ = {
			isa = XCBuildConfiguration;
			baseConfigurationReference = 0E454E2A82FAD952B768A3C7 /* Pods-satellite-saver-2.release.xcconfig */;
			buildSettings = {
				CLANG_ENABLE_MODULES = YES;
				CODE_SIGN_STYLE = Automatic;
				COMBINE_HIDPI_IMAGES = YES;
				DEVELOPMENT_TEAM = 7A264T7MNQ;
				INFOPLIST_FILE = "satellite-saver-2/Info.plist";
				INSTALL_PATH = "$(HOME)/Library/Screen Savers";
				LD_RUNPATH_SEARCH_PATHS = (
					"$(inherited)",
					"@executable_path/../Frameworks",
					"@loader_path/../Frameworks",
				);
				LIBRARY_SEARCH_PATHS = "$(PROJECT_DIR)/rust/target/release";
				PRODUCT_BUNDLE_IDENTIFIER = "com.richinfante.satellite-saver-2";
				PRODUCT_NAME = Satellite;
				SWIFT_OBJC_BRIDGING_HEADER = "satellite-saver-2/satellite-saver-2-Bridging-Header.h";
				SWIFT_VERSION = 5.0;
				WRAPPER_EXTENSION = saver;
			};
			name = Release;
		};
/* End XCBuildConfiguration section */

/* Begin XCConfigurationList section */
		9B5AA06F227262BD009CCD55 /* Build configuration list for PBXProject "satellite-saver-2" */ = {
			isa = XCConfigurationList;
			buildConfigurations = (
				9B5AA07D227262BD009CCD55 /* Debug */,
				9B5AA07E227262BD009CCD55 /* Release */,
			);
			defaultConfigurationIsVisible = 0;
			defaultConfigurationName = Release;
		};
		9B5AA07F227262BD009CCD55 /* Build configuration list for PBXNativeTarget "satellite-saver-2" */ = {
			isa = XCConfigurationList;
			buildConfigurations = (
				9B5AA080227262BD009CCD55 /* Debug */,
				9B5AA081227262BD009CCD55 /* Release */,
			);
			defaultConfigurationIsVisible = 0;
			defaultConfigurationName = Release;
		};
/* End XCConfigurationList section */
	};
	rootObject = 9B5AA06C227262BD009CCD55 /* Project object */;
}
